{
  "name": "node-red-contrib-prometheus-exporter",
  "version": "1.0.5",
  "lockfileVersion": 1,
  "requires": true,
  "dependencies": {
    "bintrees": {
      "version": "1.0.1",
      "resolved": "https://registry.npmjs.org/bintrees/-/bintrees-1.0.1.tgz",
      "integrity": "sha1-DmVcm5wkNeqraL9AJyJtK1WjRSQ="
    },
    "prom-client": {
      "version": "14.0.1",
      "resolved": "https://registry.npmjs.org/prom-client/-/prom-client-14.0.1.tgz",
      "integrity": "sha512-HxTArb6fkOntQHoRGvv4qd/BkorjliiuO2uSWC2KC17MUTKYttWdDoXX/vxOhQdkoECEM9BBH0pj2l8G8kev6w==",
      "requires": {
        "tdigest": "^0.1.1"
      }
    },
    "tdigest": {
      "version": "0.1.1",
      "resolved": "https://registry.npmjs.org/tdigest/-/tdigest-0.1.1.tgz",
      "integrity": "sha1-Ljyyw56kSeVdHmzZEReszKRYgCE=",
      "requires": {
        "bintrees": "1.0.1"
      }
    }
  }
}
